
Microsoft Visual Studio Solution File, Format Version 12.00
Project("{FAE04EC0-301F-11D3-BF4B-00C04F79EFBC}") = "ConwayGame.Api", "ConwayGame.Api\ConwayGame.Api.csproj", "{A29A9CAF-9F84-4A4C-BD2C-6DB6729E85B8}"
EndProject
Project("{FAE04EC0-301F-11D3-BF4B-00C04F79EFBC}") = "ConwayGame.Infrastructure", "ConwayGame.Infrastructure\ConwayGame.Infrastructure.csproj", "{828D83BB-E712-4A2C-8578-15299DFCC1DF}"
EndProject
Project("{FAE04EC0-301F-11D3-BF4B-00C04F79EFBC}") = "ConwayGame.Tests", "ConwayGame.Tests\ConwayGame.Tests.csproj", "{C469AD52-99FE-4069-8948-815129DB1882}"
EndProject
Project("{2150E333-8FDC-42A3-9474-1A3956D46DE8}") = "SolutionItems", "SolutionItems", "{A0F6D603-7FB6-4A8E-A8EC-5D3A8AD33C7F}"
	ProjectSection(SolutionItems) = preProject
		.gitignore = .gitignore
		README.md = README.md
		.github\workflows\ci-cd.yml = .github\workflows\ci-cd.yml
		Dockerfile = Dockerfile
		docker-compose.dev.yml = docker-compose.dev.yml
	EndProjectSection
EndProject
Global
	GlobalSection(SolutionConfigurationPlatforms) = preSolution
		Debug|Any CPU = Debug|Any CPU
		Release|Any CPU = Release|Any CPU
	EndGlobalSection
	GlobalSection(ProjectConfigurationPlatforms) = postSolution
		{A29A9CAF-9F84-4A4C-BD2C-6DB6729E85B8}.Debug|Any CPU.ActiveCfg = Debug|Any CPU
		{A29A9CAF-9F84-4A4C-BD2C-6DB6729E85B8}.Debug|Any CPU.Build.0 = Debug|Any CPU
		{A29A9CAF-9F84-4A4C-BD2C-6DB6729E85B8}.Release|Any CPU.ActiveCfg = Release|Any CPU
		{A29A9CAF-9F84-4A4C-BD2C-6DB6729E85B8}.Release|Any CPU.Build.0 = Release|Any CPU
		{828D83BB-E712-4A2C-8578-15299DFCC1DF}.Debug|Any CPU.ActiveCfg = Debug|Any CPU
		{828D83BB-E712-4A2C-8578-15299DFCC1DF}.Debug|Any CPU.Build.0 = Debug|Any CPU
		{828D83BB-E712-4A2C-8578-15299DFCC1DF}.Release|Any CPU.ActiveCfg = Release|Any CPU
		{828D83BB-E712-4A2C-8578-15299DFCC1DF}.Release|Any CPU.Build.0 = Release|Any CPU
		{C469AD52-99FE-4069-8948-815129DB1882}.Debug|Any CPU.ActiveCfg = Debug|Any CPU
		{C469AD52-99FE-4069-8948-815129DB1882}.Debug|Any CPU.Build.0 = Debug|Any CPU
		{C469AD52-99FE-4069-8948-815129DB1882}.Release|Any CPU.ActiveCfg = Release|Any CPU
		{C469AD52-99FE-4069-8948-815129DB1882}.Release|Any CPU.Build.0 = Release|Any CPU
	EndGlobalSection
EndGlobal
